
Microsoft Visual Studio Solution File, Format Version 12.00
# Visual Studio Version 17
VisualStudioVersion = 17.3.32929.385
MinimumVisualStudioVersion = 10.0.40219.1
Project("{FAE04EC0-301F-11D3-BF4B-00C04F79EFBC}") = "TicTacToe", "TicTacToe.csproj", "{E72DD071-7A88-4326-AAD9-F722082908C2}"
EndProject
Project("{FAE04EC0-301F-11D3-BF4B-00C04F79EFBC}") = "TestProject", "TestProject\TestProject.csproj", "{A541B088-5F90-40A7-A5F7-40EF29AC653F}"
EndProject
Global
	GlobalSection(SolutionConfigurationPlatforms) = preSolution
		Debug|Any CPU = Debug|Any CPU
		Release|Any CPU = Release|Any CPU
	EndGlobalSection
	GlobalSection(ProjectConfigurationPlatforms) = postSolution
		{E72DD071-7A88-4326-AAD9-F722082908C2}.Debug|Any CPU.ActiveCfg = Debug|Any CPU
		{E72DD071-7A88-4326-AAD9-F722082908C2}.Debug|Any CPU.Build.0 = Debug|Any CPU
		{E72DD071-7A88-4326-AAD9-F722082908C2}.Release|Any CPU.ActiveCfg = Release|Any CPU
		{E72DD071-7A88-4326-AAD9-F722082908C2}.Release|Any CPU.Build.0 = Release|Any CPU
		{A541B088-5F90-40A7-A5F7-40EF29AC653F}.Debug|Any CPU.ActiveCfg = Debug|Any CPU
		{A541B088-5F90-40A7-A5F7-40EF29AC653F}.Debug|Any CPU.Build.0 = Debug|Any CPU
		{A541B088-5F90-40A7-A5F7-40EF29AC653F}.Release|Any CPU.ActiveCfg = Release|Any CPU
		{A541B088-5F90-40A7-A5F7-40EF29AC653F}.Release|Any CPU.Build.0 = Release|Any CPU
	EndGlobalSection
	GlobalSection(SolutionProperties) = preSolution
		HideSolutionNode = FALSE
	EndGlobalSection
	GlobalSection(ExtensibilityGlobals) = postSolution
		SolutionGuid = {E60C8CD7-1D2D-4A74-8C9E-BD1B95C95FE2}
	EndGlobalSection
EndGlobal
